// !$*UTF8*$!
{
	archiveVersion = 1;
	classes = {
	};
	objectVersion = 50;
	objects = {

/* Begin PBXBuildFile section */
		369FF6B9255D2CC1003982D9 /* ListView.swift in Sources */ = {isa = PBXBuildFile; fileRef = 369FF6B8255D2CC1003982D9 /* ListView.swift */; };
		369FF6BC255D3590003982D9 /* OutlinesView.swift in Sources */ = {isa = PBXBuildFile; fileRef = 369FF6BB255D3590003982D9 /* OutlinesView.swift */; };
		369FF6BF255D37D1003982D9 /* DisclosureView.swift in Sources */ = {isa = PBXBuildFile; fileRef = 369FF6BE255D37D1003982D9 /* DisclosureView.swift */; };
		369FF6C6255D46A0003982D9 /* ContentType.swift in Sources */ = {isa = PBXBuildFile; fileRef = 369FF6C5255D46A0003982D9 /* ContentType.swift */; };
		369FF6CC255D49D0003982D9 /* ButtonFactory.swift in Sources */ = {isa = PBXBuildFile; fileRef = 369FF6CB255D49D0003982D9 /* ButtonFactory.swift */; };
		36F19E08255BEE0F0036329A /* BN_2026App.swift in Sources */ = {isa = PBXBuildFile; fileRef = 36F19E07255BEE0F0036329A /* BN_2026App.swift */; };
		36F19E0A255BEE0F0036329A /* ContentView.swift in Sources */ = {isa = PBXBuildFile; fileRef = 36F19E09255BEE0F0036329A /* ContentView.swift */; };
		36F19E0C255BEE100036329A /* Assets.xcassets in Resources */ = {isa = PBXBuildFile; fileRef = 36F19E0B255BEE100036329A /* Assets.xcassets */; };
		36F19E0F255BEE100036329A /* Preview Assets.xcassets in Resources */ = {isa = PBXBuildFile; fileRef = 36F19E0E255BEE100036329A /* Preview Assets.xcassets */; };
		36F19E18255BEEDE0036329A /* KittenView.swift in Sources */ = {isa = PBXBuildFile; fileRef = 36F19E17255BEEDE0036329A /* KittenView.swift */; };
		36F19E1B255BEF2A0036329A /* KittensScrollableLazyVStackView.swift in Sources */ = {isa = PBXBuildFile; fileRef = 36F19E1A255BEF2A0036329A /* KittensScrollableLazyVStackView.swift */; };
		36F19E1F255BF1570036329A /* KittensModel.swift in Sources */ = {isa = PBXBuildFile; fileRef = 36F19E1E255BF1570036329A /* KittensModel.swift */; };
		36F19E25255BF1E60036329A /* Kitten.swift in Sources */ = {isa = PBXBuildFile; fileRef = 36F19E24255BF1E60036329A /* Kitten.swift */; };
		36F19E29255BF9820036329A /* KittensLazyVGridView.swift in Sources */ = {isa = PBXBuildFile; fileRef = 36F19E28255BF9820036329A /* KittensLazyVGridView.swift */; };
/* End PBXBuildFile section */

/* Begin PBXFileReference section */
		369FF6B8255D2CC1003982D9 /* ListView.swift */ = {isa = PBXFileReference; lastKnownFileType = sourcecode.swift; path = ListView.swift; sourceTree = "<group>"; };
		369FF6BB255D3590003982D9 /* OutlinesView.swift */ = {isa = PBXFileReference; lastKnownFileType = sourcecode.swift; path = OutlinesView.swift; sourceTree = "<group>"; };
		369FF6BE255D37D1003982D9 /* DisclosureView.swift */ = {isa = PBXFileReference; lastKnownFileType = sourcecode.swift; path = DisclosureView.swift; sourceTree = "<group>"; };
		369FF6C5255D46A0003982D9 /* ContentType.swift */ = {isa = PBXFileReference; lastKnownFileType = sourcecode.swift; path = ContentType.swift; sourceTree = "<group>"; };
		369FF6CB255D49D0003982D9 /* ButtonFactory.swift */ = {isa = PBXFileReference; lastKnownFileType = sourcecode.swift; path = ButtonFactory.swift; sourceTree = "<group>"; };
		36F19E04255BEE0F0036329A /* BN-2026.app */ = {isa = PBXFileReference; explicitFileType = wrapper.application; includeInIndex = 0; path = "BN-2026.app"; sourceTree = BUILT_PRODUCTS_DIR; };
		36F19E07255BEE0F0036329A /* BN_2026App.swift */ = {isa = PBXFileReference; lastKnownFileType = sourcecode.swift; path = BN_2026App.swift; sourceTree = "<group>"; };
		36F19E09255BEE0F0036329A /* ContentView.swift */ = {isa = PBXFileReference; lastKnownFileType = sourcecode.swift; path = ContentView.swift; sourceTree = "<group>"; };
		36F19E0B255BEE100036329A /* Assets.xcassets */ = {isa = PBXFileReference; lastKnownFileType = folder.assetcatalog; path = Assets.xcassets; sourceTree = "<group>"; };
		36F19E0E255BEE100036329A /* Preview Assets.xcassets */ = {isa = PBXFileReference; lastKnownFileType = folder.assetcatalog; path = "Preview Assets.xcassets"; sourceTree = "<group>"; };
		36F19E10255BEE100036329A /* Info.plist */ = {isa = PBXFileReference; lastKnownFileType = text.plist.xml; path = Info.plist; sourceTree = "<group>"; };
		36F19E17255BEEDE0036329A /* KittenView.swift */ = {isa = PBXFileReference; lastKnownFileType = sourcecode.swift; path = KittenView.swift; sourceTree = "<group>"; };
		36F19E1A255BEF2A0036329A /* KittensScrollableLazyVStackView.swift */ = {isa = PBXFileReference; lastKnownFileType = sourcecode.swift; path = KittensScrollableLazyVStackView.swift; sourceTree = "<group>"; };
		36F19E1E255BF1570036329A /* KittensModel.swift */ = {isa = PBXFileReference; lastKnownFileType = sourcecode.swift; path = KittensModel.swift; sourceTree = "<group>"; };
		36F19E24255BF1E60036329A /* Kitten.swift */ = {isa = PBXFileReference; lastKnownFileType = sourcecode.swift; path = Kitten.swift; sourceTree = "<group>"; };
		36F19E28255BF9820036329A /* KittensLazyVGridView.swift */ = {isa = PBXFileReference; lastKnownFileType = sourcecode.swift; path = KittensLazyVGridView.swift; sourceTree = "<group>"; };
		36FB87EC255C1204007646E5 /* BN-2026.entitlements */ = {isa = PBXFileReference; lastKnownFileType = text.plist.entitlements; path = "BN-2026.entitlements"; sourceTree = "<group>"; };
/* End PBXFileReference section */

/* Begin PBXFrameworksBuildPhase section */
		36F19E01255BEE0F0036329A /* Frameworks */ = {
			isa = PBXFrameworksBuildPhase;
			buildActionMask = 2147483647;
			files = (
			);
			runOnlyForDeploymentPostprocessing = 0;
		};
/* End PBXFrameworksBuildPhase section */

/* Begin PBXGroup section */
		369FF6C8255D490A003982D9 /* ContentTypes */ = {
			isa = PBXGroup;
			children = (
				36F19E1A255BEF2A0036329A /* KittensScrollableLazyVStackView.swift */,
				36F19E28255BF9820036329A /* KittensLazyVGridView.swift */,
				369FF6B8255D2CC1003982D9 /* ListView.swift */,
				369FF6BB255D3590003982D9 /* OutlinesView.swift */,
				369FF6BE255D37D1003982D9 /* DisclosureView.swift */,
			);
			path = ContentTypes;
			sourceTree = "<group>";
		};
		369FF6CA255D49BF003982D9 /* Factories */ = {
			isa = PBXGroup;
			children = (
				369FF6CB255D49D0003982D9 /* ButtonFactory.swift */,
			);
			path = Factories;
			sourceTree = "<group>";
		};
		36F19DFB255BEE0F0036329A = {
			isa = PBXGroup;
			children = (
				36F19E06255BEE0F0036329A /* BN-2026 */,
				36F19E05255BEE0F0036329A /* Products */,
			);
			sourceTree = "<group>";
		};
		36F19E05255BEE0F0036329A /* Products */ = {
			isa = PBXGroup;
			children = (
				36F19E04255BEE0F0036329A /* BN-2026.app */,
			);
			name = Products;
			sourceTree = "<group>";
		};
		36F19E06255BEE0F0036329A /* BN-2026 */ = {
			isa = PBXGroup;
			children = (
				36FB87EC255C1204007646E5 /* BN-2026.entitlements */,
				36F19E07255BEE0F0036329A /* BN_2026App.swift */,
				36F19E22255BF1860036329A /* Views */,
				36F19E1D255BF14A0036329A /* Models */,
				369FF6CA255D49BF003982D9 /* Factories */,
				36F19E0B255BEE100036329A /* Assets.xcassets */,
				36F19E10255BEE100036329A /* Info.plist */,
				36F19E0D255BEE100036329A /* Preview Content */,
			);
			path = "BN-2026";
			sourceTree = "<group>";
		};
		36F19E0D255BEE100036329A /* Preview Content */ = {
			isa = PBXGroup;
			children = (
				36F19E0E255BEE100036329A /* Preview Assets.xcassets */,
			);
			path = "Preview Content";
			sourceTree = "<group>";
		};
		36F19E1D255BF14A0036329A /* Models */ = {
			isa = PBXGroup;
			children = (
				36F19E1E255BF1570036329A /* KittensModel.swift */,
				36F19E24255BF1E60036329A /* Kitten.swift */,
				369FF6C5255D46A0003982D9 /* ContentType.swift */,
			);
			path = Models;
			sourceTree = "<group>";
		};
		36F19E22255BF1860036329A /* Views */ = {
			isa = PBXGroup;
			children = (
				36F19E09255BEE0F0036329A /* ContentView.swift */,
				36F19E17255BEEDE0036329A /* KittenView.swift */,
				369FF6C8255D490A003982D9 /* ContentTypes */,
			);
			path = Views;
			sourceTree = "<group>";
		};
/* End PBXGroup section */

/* Begin PBXNativeTarget section */
		36F19E03255BEE0F0036329A /* BN-2026 */ = {
			isa = PBXNativeTarget;
			buildConfigurationList = 36F19E13255BEE100036329A /* Build configuration list for PBXNativeTarget "BN-2026" */;
			buildPhases = (
				36F19E00255BEE0F0036329A /* Sources */,
				36F19E01255BEE0F0036329A /* Frameworks */,
				36F19E02255BEE0F0036329A /* Resources */,
			);
			buildRules = (
			);
			dependencies = (
			);
			name = "BN-2026";
			productName = "BN-2026";
			productReference = 36F19E04255BEE0F0036329A /* BN-2026.app */;
			productType = "com.apple.product-type.application";
		};
/* End PBXNativeTarget section */

/* Begin PBXProject section */
		36F19DFC255BEE0F0036329A /* Project object */ = {
			isa = PBXProject;
			attributes = {
				LastSwiftUpdateCheck = 1210;
				LastUpgradeCheck = 1210;
				TargetAttributes = {
					36F19E03255BEE0F0036329A = {
						CreatedOnToolsVersion = 12.1;
					};
				};
			};
			buildConfigurationList = 36F19DFF255BEE0F0036329A /* Build configuration list for PBXProject "BN-2026" */;
			compatibilityVersion = "Xcode 9.3";
			developmentRegion = en;
			hasScannedForEncodings = 0;
			knownRegions = (
				en,
				Base,
			);
			mainGroup = 36F19DFB255BEE0F0036329A;
			productRefGroup = 36F19E05255BEE0F0036329A /* Products */;
			projectDirPath = "";
			projectRoot = "";
			targets = (
				36F19E03255BEE0F0036329A /* BN-2026 */,
			);
		};
/* End PBXProject section */

/* Begin PBXResourcesBuildPhase section */
		36F19E02255BEE0F0036329A /* Resources */ = {
			isa = PBXResourcesBuildPhase;
			buildActionMask = 2147483647;
			files = (
				36F19E0F255BEE100036329A /* Preview Assets.xcassets in Resources */,
				36F19E0C255BEE100036329A /* Assets.xcassets in Resources */,
			);
			runOnlyForDeploymentPostprocessing = 0;
		};
/* End PBXResourcesBuildPhase section */

/* Begin PBXSourcesBuildPhase section */
		36F19E00255BEE0F0036329A /* Sources */ = {
			isa = PBXSourcesBuildPhase;
			buildActionMask = 2147483647;
			files = (
				369FF6B9255D2CC1003982D9 /* ListView.swift in Sources */,
				369FF6BF255D37D1003982D9 /* DisclosureView.swift in Sources */,
				369FF6C6255D46A0003982D9 /* ContentType.swift in Sources */,
				36F19E1F255BF1570036329A /* KittensModel.swift in Sources */,
				36F19E0A255BEE0F0036329A /* ContentView.swift in Sources */,
				36F19E29255BF9820036329A /* KittensLazyVGridView.swift in Sources */,
				369FF6CC255D49D0003982D9 /* ButtonFactory.swift in Sources */,
				36F19E25255BF1E60036329A /* Kitten.swift in Sources */,
				36F19E1B255BEF2A0036329A /* KittensScrollableLazyVStackView.swift in Sources */,
				369FF6BC255D3590003982D9 /* OutlinesView.swift in Sources */,
				36F19E08255BEE0F0036329A /* BN_2026App.swift in Sources */,
				36F19E18255BEEDE0036329A /* KittenView.swift in Sources */,
			);
			runOnlyForDeploymentPostprocessing = 0;
		};
/* End PBXSourcesBuildPhase section */

/* Begin XCBuildConfiguration section */
		36F19E11255BEE100036329A /* Debug */ = {
			isa = XCBuildConfiguration;
			buildSettings = {
				ALWAYS_SEARCH_USER_PATHS = NO;
				CLANG_ANALYZER_NONNULL = YES;
				CLANG_ANALYZER_NUMBER_OBJECT_CONVERSION = YES_AGGRESSIVE;
				CLANG_CXX_LANGUAGE_STANDARD = "gnu++14";
				CLANG_CXX_LIBRARY = "libc++";
				CLANG_ENABLE_MODULES = YES;
				CLANG_ENABLE_OBJC_ARC = YES;
				CLANG_ENABLE_OBJC_WEAK = YES;
				CLANG_WARN_BLOCK_CAPTURE_AUTORELEASING = YES;
				CLANG_WARN_BOOL_CONVERSION = YES;
				CLANG_WARN_COMMA = YES;
				CLANG_WARN_CONSTANT_CONVERSION = YES;
				CLANG_WARN_DEPRECATED_OBJC_IMPLEMENTATIONS = YES;
				CLANG_WARN_DIRECT_OBJC_ISA_USAGE = YES_ERROR;
				CLANG_WARN_DOCUMENTATION_COMMENTS = YES;
				CLANG_WARN_EMPTY_BODY = YES;
				CLANG_WARN_ENUM_CONVERSION = YES;
				CLANG_WARN_INFINITE_RECURSION = YES;
				CLANG_WARN_INT_CONVERSION = YES;
				CLANG_WARN_NON_LITERAL_NULL_CONVERSION = YES;
				CLANG_WARN_OBJC_IMPLICIT_RETAIN_SELF = YES;
				CLANG_WARN_OBJC_LITERAL_CONVERSION = YES;
				CLANG_WARN_OBJC_ROOT_CLASS = YES_ERROR;
				CLANG_WARN_QUOTED_INCLUDE_IN_FRAMEWORK_HEADER = YES;
				CLANG_WARN_RANGE_LOOP_ANALYSIS = YES;
				CLANG_WARN_STRICT_PROTOTYPES = YES;
				CLANG_WARN_SUSPICIOUS_MOVE = YES;
				CLANG_WARN_UNGUARDED_AVAILABILITY = YES_AGGRESSIVE;
				CLANG_WARN_UNREACHABLE_CODE = YES;
				CLANG_WARN__DUPLICATE_METHOD_MATCH = YES;
				COPY_PHASE_STRIP = NO;
				DEBUG_INFORMATION_FORMAT = dwarf;
				ENABLE_STRICT_OBJC_MSGSEND = YES;
				ENABLE_TESTABILITY = YES;
				GCC_C_LANGUAGE_STANDARD = gnu11;
				GCC_DYNAMIC_NO_PIC = NO;
				GCC_NO_COMMON_BLOCKS = YES;
				GCC_OPTIMIZATION_LEVEL = 0;
				GCC_PREPROCESSOR_DEFINITIONS = (
					"DEBUG=1",
					"$(inherited)",
				);
				GCC_WARN_64_TO_32_BIT_CONVERSION = YES;
				GCC_WARN_ABOUT_RETURN_TYPE = YES_ERROR;
				GCC_WARN_UNDECLARED_SELECTOR = YES;
				GCC_WARN_UNINITIALIZED_AUTOS = YES_AGGRESSIVE;
				GCC_WARN_UNUSED_FUNCTION = YES;
				GCC_WARN_UNUSED_VARIABLE = YES;
				IPHONEOS_DEPLOYMENT_TARGET = 14.1;
				MTL_ENABLE_DEBUG_INFO = INCLUDE_SOURCE;
				MTL_FAST_MATH = YES;
				ONLY_ACTIVE_ARCH = YES;
				SDKROOT = iphoneos;
				SWIFT_ACTIVE_COMPILATION_CONDITIONS = DEBUG;
				SWIFT_OPTIMIZATION_LEVEL = "-Onone";
			};
			name = Debug;
		};
		36F19E12255BEE100036329A /* Release */ = {
			isa = XCBuildConfiguration;
			buildSettings = {
				ALWAYS_SEARCH_USER_PATHS = NO;
				CLANG_ANALYZER_NONNULL = YES;
				CLANG_ANALYZER_NUMBER_OBJECT_CONVERSION = YES_AGGRESSIVE;
				CLANG_CXX_LANGUAGE_STANDARD = "gnu++14";
				CLANG_CXX_LIBRARY = "libc++";
				CLANG_ENABLE_MODULES = YES;
				CLANG_ENABLE_OBJC_ARC = YES;
				CLANG_ENABLE_OBJC_WEAK = YES;
				CLANG_WARN_BLOCK_CAPTURE_AUTORELEASING = YES;
				CLANG_WARN_BOOL_CONVERSION = YES;
				CLANG_WARN_COMMA = YES;
				CLANG_WARN_CONSTANT_CONVERSION = YES;
				CLANG_WARN_DEPRECATED_OBJC_IMPLEMENTATIONS = YES;
				CLANG_WARN_DIRECT_OBJC_ISA_USAGE = YES_ERROR;
				CLANG_WARN_DOCUMENTATION_COMMENTS = YES;
				CLANG_WARN_EMPTY_BODY = YES;
				CLANG_WARN_ENUM_CONVERSION = YES;
				CLANG_WARN_INFINITE_RECURSION = YES;
				CLANG_WARN_INT_CONVERSION = YES;
				CLANG_WARN_NON_LITERAL_NULL_CONVERSION = YES;
				CLANG_WARN_OBJC_IMPLICIT_RETAIN_SELF = YES;
				CLANG_WARN_OBJC_LITERAL_CONVERSION = YES;
				CLANG_WARN_OBJC_ROOT_CLASS = YES_ERROR;
				CLANG_WARN_QUOTED_INCLUDE_IN_FRAMEWORK_HEADER = YES;
				CLANG_WARN_RANGE_LOOP_ANALYSIS = YES;
				CLANG_WARN_STRICT_PROTOTYPES = YES;
				CLANG_WARN_SUSPICIOUS_MOVE = YES;
				CLANG_WARN_UNGUARDED_AVAILABILITY = YES_AGGRESSIVE;
				CLANG_WARN_UNREACHABLE_CODE = YES;
				CLANG_WARN__DUPLICATE_METHOD_MATCH = YES;
				COPY_PHASE_STRIP = NO;
				DEBUG_INFORMATION_FORMAT = "dwarf-with-dsym";
				ENABLE_NS_ASSERTIONS = NO;
				ENABLE_STRICT_OBJC_MSGSEND = YES;
				GCC_C_LANGUAGE_STANDARD = gnu11;
				GCC_NO_COMMON_BLOCKS = YES;
				GCC_WARN_64_TO_32_BIT_CONVERSION = YES;
				GCC_WARN_ABOUT_RETURN_TYPE = YES_ERROR;
				GCC_WARN_UNDECLARED_SELECTOR = YES;
				GCC_WARN_UNINITIALIZED_AUTOS = YES_AGGRESSIVE;
				GCC_WARN_UNUSED_FUNCTION = YES;
				GCC_WARN_UNUSED_VARIABLE = YES;
				IPHONEOS_DEPLOYMENT_TARGET = 14.1;
				MTL_ENABLE_DEBUG_INFO = NO;
				MTL_FAST_MATH = YES;
				SDKROOT = iphoneos;
				SWIFT_COMPILATION_MODE = wholemodule;
				SWIFT_OPTIMIZATION_LEVEL = "-O";
				VALIDATE_PRODUCT = YES;
			};
			name = Release;
		};
		36F19E14255BEE100036329A /* Debug */ = {
			isa = XCBuildConfiguration;
			buildSettings = {
				ASSETCATALOG_COMPILER_APPICON_NAME = AppIcon;
				ASSETCATALOG_COMPILER_GLOBAL_ACCENT_COLOR_NAME = AccentColor;
				CODE_SIGN_ENTITLEMENTS = "BN-2026/BN-2026.entitlements";
				"CODE_SIGN_IDENTITY[sdk=macosx*]" = "-";
				CODE_SIGN_STYLE = Automatic;
				DEVELOPMENT_ASSET_PATHS = "\"BN-2026/Preview Content\"";
				ENABLE_PREVIEWS = YES;
				INFOPLIST_FILE = "BN-2026/Info.plist";
				IPHONEOS_DEPLOYMENT_TARGET = 14.0;
				LD_RUNPATH_SEARCH_PATHS = (
					"$(inherited)",
					"@executable_path/Frameworks",
				);
				PRODUCT_BUNDLE_IDENTIFIER = "com.netguru.bn-2026";
				PRODUCT_NAME = "$(TARGET_NAME)";
				SUPPORTS_MACCATALYST = NO;
				SWIFT_VERSION = 5.0;
				TARGETED_DEVICE_FAMILY = "1,2";
			};
			name = Debug;
		};
		36F19E15255BEE100036329A /* Release */ = {
			isa = XCBuildConfiguration;
			buildSettings = {
				ASSETCATALOG_COMPILER_APPICON_NAME = AppIcon;
				ASSETCATALOG_COMPILER_GLOBAL_ACCENT_COLOR_NAME = AccentColor;
				CODE_SIGN_ENTITLEMENTS = "BN-2026/BN-2026.entitlements";
				"CODE_SIGN_IDENTITY[sdk=macosx*]" = "-";
				CODE_SIGN_STYLE = Automatic;
				DEVELOPMENT_ASSET_PATHS = "\"BN-2026/Preview Content\"";
				ENABLE_PREVIEWS = YES;
				INFOPLIST_FILE = "BN-2026/Info.plist";
				IPHONEOS_DEPLOYMENT_TARGET = 14.0;
				LD_RUNPATH_SEARCH_PATHS = (
					"$(inherited)",
					"@executable_path/Frameworks",
				);
				PRODUCT_BUNDLE_IDENTIFIER = "com.netguru.bn-2026";
				PRODUCT_NAME = "$(TARGET_NAME)";
				SUPPORTS_MACCATALYST = NO;
				SWIFT_VERSION = 5.0;
				TARGETED_DEVICE_FAMILY = "1,2";
			};
			name = Release;
		};
/* End XCBuildConfiguration section */

/* Begin XCConfigurationList section */
		36F19DFF255BEE0F0036329A /* Build configuration list for PBXProject "BN-2026" */ = {
			isa = XCConfigurationList;
			buildConfigurations = (
				36F19E11255BEE100036329A /* Debug */,
				36F19E12255BEE100036329A /* Release */,
			);
			defaultConfigurationIsVisible = 0;
			defaultConfigurationName = Release;
		};
		36F19E13255BEE100036329A /* Build configuration list for PBXNativeTarget "BN-2026" */ = {
			isa = XCConfigurationList;
			buildConfigurations = (
				36F19E14255BEE100036329A /* Debug */,
				36F19E15255BEE100036329A /* Release */,
			);
			defaultConfigurationIsVisible = 0;
			defaultConfigurationName = Release;
		};
/* End XCConfigurationList section */
	};
	rootObject = 36F19DFC255BEE0F0036329A /* Project object */;
}
